# This file is automatically @generated by Cargo.
# It is not intended for manual editing.
version = 3

[[package]]
name = "cc"
version = "1.0.90"
source = "registry+https://github.com/rust-lang/crates.io-index"
checksum = "8cd6604a82acf3039f1144f54b8eb34e91ffba622051189e71b781822d5ee1f5"

[[package]]
name = "cxx"
version = "1.0.120"
source = "registry+https://github.com/rust-lang/crates.io-index"
checksum = "ff4dc7287237dd438b926a81a1a5605dad33d286870e5eee2db17bf2bcd9e92a"
dependencies = [
 "cc",
 "cxxbridge-flags",
 "cxxbridge-macro",
 "link-cplusplus",
]

[[package]]
name = "cxxbridge-flags"
version = "1.0.120"
source = "registry+https://github.com/rust-lang/crates.io-index"
checksum = "701a1ac7a697e249cdd8dc026d7a7dafbfd0dbcd8bd24ec55889f2bc13dd6287"

[[package]]
name = "cxxbridge-macro"
version = "1.0.120"
source = "registry+https://github.com/rust-lang/crates.io-index"
checksum = "b404f596046b0bb2d903a9c786b875a126261b52b7c3a64bbb66382c41c771df"
dependencies = [
 "proc-macro2",
 "quote",
 "syn",
]

[[package]]
name = "font-types"
version = "0.4.3"
source = "registry+https://github.com/rust-lang/crates.io-index"
checksum = "5b7f6040d337bd44434ab21fc6509154edf2cece88b23758d9d64654c4e7730b"

[[package]]
name = "fontations"
version = "0.1.0"
dependencies = [
 "cxx",
 "font-types",
 "read-fonts",
 "skrifa",
]

[[package]]
name = "link-cplusplus"
version = "1.0.9"
source = "registry+https://github.com/rust-lang/crates.io-index"
checksum = "9d240c6f7e1ba3a28b0249f774e6a9dd0175054b52dfbb61b16eb8505c3785c9"
dependencies = [
 "cc",
]

[[package]]
name = "proc-macro2"
version = "1.0.79"
source = "registry+https://github.com/rust-lang/crates.io-index"
checksum = "e835ff2298f5721608eb1a980ecaee1aef2c132bf95ecc026a11b7bf3c01c02e"
dependencies = [
 "unicode-ident",
]

[[package]]
name = "quote"
version = "1.0.35"
source = "registry+https://github.com/rust-lang/crates.io-index"
checksum = "291ec9ab5efd934aaf503a6466c5d5251535d108ee747472c3977cc5acc868ef"
dependencies = [
 "proc-macro2",
]

[[package]]
name = "read-fonts"
version = "0.15.6"
source = "registry+https://github.com/rust-lang/crates.io-index"
checksum = "17ea23eedb4d938031b6d4343222444608727a6aa68ec355e13588d9947ffe92"
dependencies = [
 "font-types",
]

[[package]]
name = "skrifa"
version = "0.15.5"
source = "registry+https://github.com/rust-lang/crates.io-index"
checksum = "eff28ee3b66d43060ef9a327e0f18e4c1813f194120156b4d4524fac3ba8ce22"
dependencies = [
 "read-fonts",
]

[[package]]
name = "syn"
version = "2.0.55"
source = "registry+https://github.com/rust-lang/crates.io-index"
checksum = "002a1b3dbf967edfafc32655d0f377ab0bb7b994aa1d32c8cc7e9b8bf3ebb8f0"
dependencies = [
 "proc-macro2",
 "quote",
 "unicode-ident",
]

[[package]]
name = "unicode-ident"
version = "1.0.12"
source = "registry+https://github.com/rust-lang/crates.io-index"
checksum = "3354b9ac3fae1ff6755cb6db53683adb661634f67557942dea4facebec0fee4b"
